{
  "version": 4,
  "terraform_version": "1.9.5",
  "serial": 222,
  "lineage": "1d548328-80f1-abd9-ddf5-f94cf8725570",
  "outputs": {},
  "resources": [
    {
      "mode": "data",
      "type": "spotify_search_track",
      "name": "search",
      "provider": "provider[\"registry.terraform.io/conradludgate/spotify\"]",
      "instances": [
        {
          "schema_version": 0,
          "attributes": {
            "album": null,
            "artist": "itay levi",
            "explicit": true,
            "id": "1726677014",
            "limit": 10,
            "name": null,
            "tracks": [
              {
                "album": "63Q72WL2bpq0jxbqIOKXeN",
                "artists": [
                  "6VdxGMRiiFQhI8F0FkuQZg"
                ],
                "id": "0h8eZd7eqwZISaz9bkj1zV",
                "name": "מערב ראשון"
              },
              {
                "album": "7Eff7us2XN43cg4pZCrbH5",
                "artists": [
                  "6VdxGMRiiFQhI8F0FkuQZg"
                ],
                "id": "2eauhZzDelRWx1f3PmdaxU",
                "name": "חולה ירח"
              },
              {
                "album": "4o5Wgzg4laP9t7uKsNWAOu",
                "artists": [
                  "6VdxGMRiiFQhI8F0FkuQZg"
                ],
                "id": "0tewqHTtZMfb7sPsqTyRVc",
                "name": "מרכז תל אביב"
              },
              {
                "album": "1NAbjzBbqQuhYY9tmxblt1",
                "artists": [
                  "6VdxGMRiiFQhI8F0FkuQZg"
                ],
                "id": "2CUwpTA4gOSouCTyRN1vnE",
                "name": "אין לי מקום אחר"
              },
              {
                "album": "2Z8nquHSr9p9NR3HSESOzu",
                "artists": [
                  "6VdxGMRiiFQhI8F0FkuQZg"
                ],
                "id": "1HH4IitAuYbMnZ4PYb2O5I",
                "name": "פתאום אהבה"
              },
              {
                "album": "2Z8nquHSr9p9NR3HSESOzu",
                "artists": [
                  "6VdxGMRiiFQhI8F0FkuQZg"
                ],
                "id": "3TtZlTHR3gT0WYzFTEoPsV",
                "name": "שתישרף האהבה"
              },
              {
                "album": "7gP85JTjo19W0CVaDAOT0s",
                "artists": [
                  "6VdxGMRiiFQhI8F0FkuQZg"
                ],
                "id": "0sMFeXKJ8yR6jIbr2ZtwwS",
                "name": "תרימו ת'ידיים"
              },
              {
                "album": "23nHwgXPk3ppzSU4bCCgLP",
                "artists": [
                  "6VdxGMRiiFQhI8F0FkuQZg"
                ],
                "id": "7rzM7yEF41S67WJvRP0KSJ",
                "name": "הטעות הכי יפה"
              },
              {
                "album": "2Z8nquHSr9p9NR3HSESOzu",
                "artists": [
                  "6VdxGMRiiFQhI8F0FkuQZg"
                ],
                "id": "0ZFQYK9u8C1nGLXXb4y17W",
                "name": "קירות"
              },
              {
                "album": "2c9uJ2Zc0kl7RgkC1E2UZ3",
                "artists": [
                  "2sqbWZ55HvLMOXM9N9D5xX",
                  "6VdxGMRiiFQhI8F0FkuQZg",
                  "3tld5eVjgH1HTKj7BLP1yy",
                  "6t83STzinDr3hnuZUrqZ6u"
                ],
                "id": "3IfCJv04AMdg13Pxmsna1e",
                "name": "מסיבה בחיפה"
              }
            ],
            "year": null
          },
          "sensitive_attributes": []
        }
      ]
    },
    {
      "mode": "managed",
      "type": "spotify_playlist",
      "name": "artist_playlist",
      "provider": "provider[\"registry.terraform.io/conradludgate/spotify\"]",
      "instances": [
        {
          "schema_version": 0,
          "attributes": {
            "description": "",
            "id": "7qX6mP2yXDojpEdj7PYqSD",
            "name": "itay levi Playlist - 1726677013766-2",
            "public": false,
            "snapshot_id": "AAAAGuGV1vfi6zcxSTbyCWpPZ4kiBIAz",
            "tracks": [
              "0h8eZd7eqwZISaz9bkj1zV",
              "2eauhZzDelRWx1f3PmdaxU",
              "0tewqHTtZMfb7sPsqTyRVc",
              "2CUwpTA4gOSouCTyRN1vnE",
              "1HH4IitAuYbMnZ4PYb2O5I"
            ]
          },
          "sensitive_attributes": [],
          "private": "bnVsbA==",
          "dependencies": [
            "data.spotify_search_track.search"
          ]
        }
      ]
    }
  ],
  "check_results": null
}
